
Microsoft Visual Studio Solution File, Format Version 12.00
Project("{FAE04EC0-301F-11D3-BF4B-00C04F79EFBC}") = "AzToolbox", "AzToolbox\AzToolbox.csproj", "{C51E679B-B752-43A9-AD37-8506282683F1}"
EndProject
Global
	GlobalSection(SolutionConfigurationPlatforms) = preSolution
		Debug|Any CPU = Debug|Any CPU
		Release|Any CPU = Release|Any CPU
	EndGlobalSection
	GlobalSection(ProjectConfigurationPlatforms) = postSolution
		{C51E679B-B752-43A9-AD37-8506282683F1}.Debug|Any CPU.ActiveCfg = Debug|Any CPU
		{C51E679B-B752-43A9-AD37-8506282683F1}.Debug|Any CPU.Build.0 = Debug|Any CPU
		{C51E679B-B752-43A9-AD37-8506282683F1}.Release|Any CPU.ActiveCfg = Release|Any CPU
		{C51E679B-B752-43A9-AD37-8506282683F1}.Release|Any CPU.Build.0 = Release|Any CPU
	EndGlobalSection
EndGlobal
